// !$*UTF8*$!
{
	archiveVersion = 1;
	classes = {
	};
	objectVersion = 46;
	objects = {

/* Begin PBXBuildFile section */
		9CD870251D95438E00DAB117 /* AppDelegate.swift in Sources */ = {isa = PBXBuildFile; fileRef = 9CD870241D95438E00DAB117 /* AppDelegate.swift */; };
		9CD870271D95438E00DAB117 /* ViewController.swift in Sources */ = {isa = PBXBuildFile; fileRef = 9CD870261D95438E00DAB117 /* ViewController.swift */; };
		9CD8702A1D95438E00DAB117 /* Main.storyboard in Resources */ = {isa = PBXBuildFile; fileRef = 9CD870281D95438E00DAB117 /* Main.storyboard */; };
		9CD8702D1D95438E00DAB117 /* imageScroll.xcdatamodeld in Sources */ = {isa = PBXBuildFile; fileRef = 9CD8702B1D95438E00DAB117 /* imageScroll.xcdatamodeld */; };
		9CD8702F1D95438E00DAB117 /* Assets.xcassets in Resources */ = {isa = PBXBuildFile; fileRef = 9CD8702E1D95438E00DAB117 /* Assets.xcassets */; };
		9CD870321D95438E00DAB117 /* LaunchScreen.storyboard in Resources */ = {isa = PBXBuildFile; fileRef = 9CD870301D95438E00DAB117 /* LaunchScreen.storyboard */; };
		9CD8703D1D95438F00DAB117 /* imageScrollTests.swift in Sources */ = {isa = PBXBuildFile; fileRef = 9CD8703C1D95438F00DAB117 /* imageScrollTests.swift */; };
		9CD870481D95438F00DAB117 /* imageScrollUITests.swift in Sources */ = {isa = PBXBuildFile; fileRef = 9CD870471D95438F00DAB117 /* imageScrollUITests.swift */; };
/* End PBXBuildFile section */

/* Begin PBXContainerItemProxy section */
		9CD870391D95438F00DAB117 /* PBXContainerItemProxy */ = {
			isa = PBXContainerItemProxy;
			containerPortal = 9CD870191D95438D00DAB117 /* Project object */;
			proxyType = 1;
			remoteGlobalIDString = 9CD870201D95438D00DAB117;
			remoteInfo = imageScroll;
		};
		9CD870441D95438F00DAB117 /* PBXContainerItemProxy */ = {
			isa = PBXContainerItemProxy;
			containerPortal = 9CD870191D95438D00DAB117 /* Project object */;
			proxyType = 1;
			remoteGlobalIDString = 9CD870201D95438D00DAB117;
			remoteInfo = imageScroll;
		};
/* End PBXContainerItemProxy section */

/* Begin PBXFileReference section */
		9CD870211D95438E00DAB117 /* imageScroll.app */ = {isa = PBXFileReference; explicitFileType = wrapper.application; includeInIndex = 0; path = imageScroll.app; sourceTree = BUILT_PRODUCTS_DIR; };
		9CD870241D95438E00DAB117 /* AppDelegate.swift */ = {isa = PBXFileReference; lastKnownFileType = sourcecode.swift; path = AppDelegate.swift; sourceTree = "<group>"; };
		9CD870261D95438E00DAB117 /* ViewController.swift */ = {isa = PBXFileReference; lastKnownFileType = sourcecode.swift; path = ViewController.swift; sourceTree = "<group>"; };
		9CD870291D95438E00DAB117 /* Base */ = {isa = PBXFileReference; lastKnownFileType = file.storyboard; name = Base; path = Base.lproj/Main.storyboard; sourceTree = "<group>"; };
		9CD8702C1D95438E00DAB117 /* imageScroll.xcdatamodel */ = {isa = PBXFileReference; lastKnownFileType = wrapper.xcdatamodel; path = imageScroll.xcdatamodel; sourceTree = "<group>"; };
		9CD8702E1D95438E00DAB117 /* Assets.xcassets */ = {isa = PBXFileReference; lastKnownFileType = folder.assetcatalog; path = Assets.xcassets; sourceTree = "<group>"; };
		9CD870311D95438E00DAB117 /* Base */ = {isa = PBXFileReference; lastKnownFileType = file.storyboard; name = Base; path = Base.lproj/LaunchScreen.storyboard; sourceTree = "<group>"; };
		9CD870331D95438F00DAB117 /* Info.plist */ = {isa = PBXFileReference; lastKnownFileType = text.plist.xml; path = Info.plist; sourceTree = "<group>"; };
		9CD870381D95438F00DAB117 /* imageScrollTests.xctest */ = {isa = PBXFileReference; explicitFileType = wrapper.cfbundle; includeInIndex = 0; path = imageScrollTests.xctest; sourceTree = BUILT_PRODUCTS_DIR; };
		9CD8703C1D95438F00DAB117 /* imageScrollTests.swift */ = {isa = PBXFileReference; lastKnownFileType = sourcecode.swift; path = imageScrollTests.swift; sourceTree = "<group>"; };
		9CD8703E1D95438F00DAB117 /* Info.plist */ = {isa = PBXFileReference; lastKnownFileType = text.plist.xml; path = Info.plist; sourceTree = "<group>"; };
		9CD870431D95438F00DAB117 /* imageScrollUITests.xctest */ = {isa = PBXFileReference; explicitFileType = wrapper.cfbundle; includeInIndex = 0; path = imageScrollUITests.xctest; sourceTree = BUILT_PRODUCTS_DIR; };
		9CD870471D95438F00DAB117 /* imageScrollUITests.swift */ = {isa = PBXFileReference; lastKnownFileType = sourcecode.swift; path = imageScrollUITests.swift; sourceTree = "<group>"; };
		9CD870491D95438F00DAB117 /* Info.plist */ = {isa = PBXFileReference; lastKnownFileType = text.plist.xml; path = Info.plist; sourceTree = "<group>"; };
/* End PBXFileReference section */

/* Begin PBXFrameworksBuildPhase section */
		9CD8701E1D95438D00DAB117 /* Frameworks */ = {
			isa = PBXFrameworksBuildPhase;
			buildActionMask = 2147483647;
			files = (
			);
			runOnlyForDeploymentPostprocessing = 0;
		};
		9CD870351D95438F00DAB117 /* Frameworks */ = {
			isa = PBXFrameworksBuildPhase;
			buildActionMask = 2147483647;
			files = (
			);
			runOnlyForDeploymentPostprocessing = 0;
		};
		9CD870401D95438F00DAB117 /* Frameworks */ = {
			isa = PBXFrameworksBuildPhase;
			buildActionMask = 2147483647;
			files = (
			);
			runOnlyForDeploymentPostprocessing = 0;
		};
/* End PBXFrameworksBuildPhase section */

/* Begin PBXGroup section */
		9CD870181D95438D00DAB117 = {
			isa = PBXGroup;
			children = (
				9CD870231D95438E00DAB117 /* imageScroll */,
				9CD8703B1D95438F00DAB117 /* imageScrollTests */,
				9CD870461D95438F00DAB117 /* imageScrollUITests */,
				9CD870221D95438E00DAB117 /* Products */,
			);
			sourceTree = "<group>";
		};
		9CD870221D95438E00DAB117 /* Products */ = {
			isa = PBXGroup;
			children = (
				9CD870211D95438E00DAB117 /* imageScroll.app */,
				9CD870381D95438F00DAB117 /* imageScrollTests.xctest */,
				9CD870431D95438F00DAB117 /* imageScrollUITests.xctest */,
			);
			name = Products;
			sourceTree = "<group>";
		};
		9CD870231D95438E00DAB117 /* imageScroll */ = {
			isa = PBXGroup;
			children = (
				9CD870241D95438E00DAB117 /* AppDelegate.swift */,
				9CD870261D95438E00DAB117 /* ViewController.swift */,
				9CD870281D95438E00DAB117 /* Main.storyboard */,
				9CD8702E1D95438E00DAB117 /* Assets.xcassets */,
				9CD870301D95438E00DAB117 /* LaunchScreen.storyboard */,
				9CD870331D95438F00DAB117 /* Info.plist */,
				9CD8702B1D95438E00DAB117 /* imageScroll.xcdatamodeld */,
			);
			path = imageScroll;
			sourceTree = "<group>";
		};
		9CD8703B1D95438F00DAB117 /* imageScrollTests */ = {
			isa = PBXGroup;
			children = (
				9CD8703C1D95438F00DAB117 /* imageScrollTests.swift */,
				9CD8703E1D95438F00DAB117 /* Info.plist */,
			);
			path = imageScrollTests;
			sourceTree = "<group>";
		};
		9CD870461D95438F00DAB117 /* imageScrollUITests */ = {
			isa = PBXGroup;
			children = (
				9CD870471D95438F00DAB117 /* imageScrollUITests.swift */,
				9CD870491D95438F00DAB117 /* Info.plist */,
			);
			path = imageScrollUITests;
			sourceTree = "<group>";
		};
/* End PBXGroup section */

/* Begin PBXNativeTarget section */
		9CD870201D95438D00DAB117 /* imageScroll */ = {
			isa = PBXNativeTarget;
			buildConfigurationList = 9CD8704C1D95438F00DAB117 /* Build configuration list for PBXNativeTarget "imageScroll" */;
			buildPhases = (
				9CD8701D1D95438D00DAB117 /* Sources */,
				9CD8701E1D95438D00DAB117 /* Frameworks */,
				9CD8701F1D95438D00DAB117 /* Resources */,
			);
			buildRules = (
			);
			dependencies = (
			);
			name = imageScroll;
			productName = imageScroll;
			productReference = 9CD870211D95438E00DAB117 /* imageScroll.app */;
			productType = "com.apple.product-type.application";
		};
		9CD870371D95438F00DAB117 /* imageScrollTests */ = {
			isa = PBXNativeTarget;
			buildConfigurationList = 9CD8704F1D95438F00DAB117 /* Build configuration list for PBXNativeTarget "imageScrollTests" */;
			buildPhases = (
				9CD870341D95438F00DAB117 /* Sources */,
				9CD870351D95438F00DAB117 /* Frameworks */,
				9CD870361D95438F00DAB117 /* Resources */,
			);
			buildRules = (
			);
			dependencies = (
				9CD8703A1D95438F00DAB117 /* PBXTargetDependency */,
			);
			name = imageScrollTests;
			productName = imageScrollTests;
			productReference = 9CD870381D95438F00DAB117 /* imageScrollTests.xctest */;
			productType = "com.apple.product-type.bundle.unit-test";
		};
		9CD870421D95438F00DAB117 /* imageScrollUITests */ = {
			isa = PBXNativeTarget;
			buildConfigurationList = 9CD870521D95438F00DAB117 /* Build configuration list for PBXNativeTarget "imageScrollUITests" */;
			buildPhases = (
				9CD8703F1D95438F00DAB117 /* Sources */,
				9CD870401D95438F00DAB117 /* Frameworks */,
				9CD870411D95438F00DAB117 /* Resources */,
			);
			buildRules = (
			);
			dependencies = (
				9CD870451D95438F00DAB117 /* PBXTargetDependency */,
			);
			name = imageScrollUITests;
			productName = imageScrollUITests;
			productReference = 9CD870431D95438F00DAB117 /* imageScrollUITests.xctest */;
			productType = "com.apple.product-type.bundle.ui-testing";
		};
/* End PBXNativeTarget section */

/* Begin PBXProject section */
		9CD870191D95438D00DAB117 /* Project object */ = {
			isa = PBXProject;
			attributes = {
				LastSwiftUpdateCheck = 0800;
				LastUpgradeCheck = 0800;
				ORGANIZATIONNAME = "Umoru Joseph";
				TargetAttributes = {
					9CD870201D95438D00DAB117 = {
						CreatedOnToolsVersion = 8.0;
						ProvisioningStyle = Automatic;
					};
					9CD870371D95438F00DAB117 = {
						CreatedOnToolsVersion = 8.0;
						ProvisioningStyle = Automatic;
						TestTargetID = 9CD870201D95438D00DAB117;
					};
					9CD870421D95438F00DAB117 = {
						CreatedOnToolsVersion = 8.0;
						ProvisioningStyle = Automatic;
						TestTargetID = 9CD870201D95438D00DAB117;
					};
				};
			};
			buildConfigurationList = 9CD8701C1D95438D00DAB117 /* Build configuration list for PBXProject "imageScroll" */;
			compatibilityVersion = "Xcode 3.2";
			developmentRegion = English;
			hasScannedForEncodings = 0;
			knownRegions = (
				en,
				Base,
			);
			mainGroup = 9CD870181D95438D00DAB117;
			productRefGroup = 9CD870221D95438E00DAB117 /* Products */;
			projectDirPath = "";
			projectRoot = "";
			targets = (
				9CD870201D95438D00DAB117 /* imageScroll */,
				9CD870371D95438F00DAB117 /* imageScrollTests */,
				9CD870421D95438F00DAB117 /* imageScrollUITests */,
			);
		};
/* End PBXProject section */

/* Begin PBXResourcesBuildPhase section */
		9CD8701F1D95438D00DAB117 /* Resources */ = {
			isa = PBXResourcesBuildPhase;
			buildActionMask = 2147483647;
			files = (
				9CD870321D95438E00DAB117 /* LaunchScreen.storyboard in Resources */,
				9CD8702F1D95438E00DAB117 /* Assets.xcassets in Resources */,
				9CD8702A1D95438E00DAB117 /* Main.storyboard in Resources */,
			);
			runOnlyForDeploymentPostprocessing = 0;
		};
		9CD870361D95438F00DAB117 /* Resources */ = {
			isa = PBXResourcesBuildPhase;
			buildActionMask = 2147483647;
			files = (
			);
			runOnlyForDeploymentPostprocessing = 0;
		};
		9CD870411D95438F00DAB117 /* Resources */ = {
			isa = PBXResourcesBuildPhase;
			buildActionMask = 2147483647;
			files = (
			);
			runOnlyForDeploymentPostprocessing = 0;
		};
/* End PBXResourcesBuildPhase section */

/* Begin PBXSourcesBuildPhase section */
		9CD8701D1D95438D00DAB117 /* Sources */ = {
			isa = PBXSourcesBuildPhase;
			buildActionMask = 2147483647;
			files = (
				9CD8702D1D95438E00DAB117 /* imageScroll.xcdatamodeld in Sources */,
				9CD870271D95438E00DAB117 /* ViewController.swift in Sources */,
				9CD870251D95438E00DAB117 /* AppDelegate.swift in Sources */,
			);
			runOnlyForDeploymentPostprocessing = 0;
		};
		9CD870341D95438F00DAB117 /* Sources */ = {
			isa = PBXSourcesBuildPhase;
			buildActionMask = 2147483647;
			files = (
				9CD8703D1D95438F00DAB117 /* imageScrollTests.swift in Sources */,
			);
			runOnlyForDeploymentPostprocessing = 0;
		};
		9CD8703F1D95438F00DAB117 /* Sources */ = {
			isa = PBXSourcesBuildPhase;
			buildActionMask = 2147483647;
			files = (
				9CD870481D95438F00DAB117 /* imageScrollUITests.swift in Sources */,
			);
			runOnlyForDeploymentPostprocessing = 0;
		};
/* End PBXSourcesBuildPhase section */

/* Begin PBXTargetDependency section */
		9CD8703A1D95438F00DAB117 /* PBXTargetDependency */ = {
			isa = PBXTargetDependency;
			target = 9CD870201D95438D00DAB117 /* imageScroll */;
			targetProxy = 9CD870391D95438F00DAB117 /* PBXContainerItemProxy */;
		};
		9CD870451D95438F00DAB117 /* PBXTargetDependency */ = {
			isa = PBXTargetDependency;
			target = 9CD870201D95438D00DAB117 /* imageScroll */;
			targetProxy = 9CD870441D95438F00DAB117 /* PBXContainerItemProxy */;
		};
/* End PBXTargetDependency section */

/* Begin PBXVariantGroup section */
		9CD870281D95438E00DAB117 /* Main.storyboard */ = {
			isa = PBXVariantGroup;
			children = (
				9CD870291D95438E00DAB117 /* Base */,
			);
			name = Main.storyboard;
			sourceTree = "<group>";
		};
		9CD870301D95438E00DAB117 /* LaunchScreen.storyboard */ = {
			isa = PBXVariantGroup;
			children = (
				9CD870311D95438E00DAB117 /* Base */,
			);
			name = LaunchScreen.storyboard;
			sourceTree = "<group>";
		};
/* End PBXVariantGroup section */

/* Begin XCBuildConfiguration section */
		9CD8704A1D95438F00DAB117 /* Debug */ = {
			isa = XCBuildConfiguration;
			buildSettings = {
				ALWAYS_SEARCH_USER_PATHS = NO;
				CLANG_ANALYZER_NONNULL = YES;
				CLANG_CXX_LANGUAGE_STANDARD = "gnu++0x";
				CLANG_CXX_LIBRARY = "libc++";
				CLANG_ENABLE_MODULES = YES;
				CLANG_ENABLE_OBJC_ARC = YES;
				CLANG_WARN_BOOL_CONVERSION = YES;
				CLANG_WARN_CONSTANT_CONVERSION = YES;
				CLANG_WARN_DIRECT_OBJC_ISA_USAGE = YES_ERROR;
				CLANG_WARN_DOCUMENTATION_COMMENTS = YES;
				CLANG_WARN_EMPTY_BODY = YES;
				CLANG_WARN_ENUM_CONVERSION = YES;
				CLANG_WARN_INFINITE_RECURSION = YES;
				CLANG_WARN_INT_CONVERSION = YES;
				CLANG_WARN_OBJC_ROOT_CLASS = YES_ERROR;
				CLANG_WARN_SUSPICIOUS_MOVES = YES;
				CLANG_WARN_UNREACHABLE_CODE = YES;
				CLANG_WARN__DUPLICATE_METHOD_MATCH = YES;
				"CODE_SIGN_IDENTITY[sdk=iphoneos*]" = "iPhone Developer";
				COPY_PHASE_STRIP = NO;
				DEBUG_INFORMATION_FORMAT = dwarf;
				ENABLE_STRICT_OBJC_MSGSEND = YES;
				ENABLE_TESTABILITY = YES;
				GCC_C_LANGUAGE_STANDARD = gnu99;
				GCC_DYNAMIC_NO_PIC = NO;
				GCC_NO_COMMON_BLOCKS = YES;
				GCC_OPTIMIZATION_LEVEL = 0;
				GCC_PREPROCESSOR_DEFINITIONS = (
					"DEBUG=1",
					"$(inherited)",
				);
				GCC_WARN_64_TO_32_BIT_CONVERSION = YES;
				GCC_WARN_ABOUT_RETURN_TYPE = YES_ERROR;
				GCC_WARN_UNDECLARED_SELECTOR = YES;
				GCC_WARN_UNINITIALIZED_AUTOS = YES_AGGRESSIVE;
				GCC_WARN_UNUSED_FUNCTION = YES;
				GCC_WARN_UNUSED_VARIABLE = YES;
				IPHONEOS_DEPLOYMENT_TARGET = 10.0;
				MTL_ENABLE_DEBUG_INFO = YES;
				ONLY_ACTIVE_ARCH = YES;
				SDKROOT = iphoneos;
				SWIFT_ACTIVE_COMPILATION_CONDITIONS = DEBUG;
				SWIFT_OPTIMIZATION_LEVEL = "-Onone";
				TARGETED_DEVICE_FAMILY = "1,2";
			};
			name = Debug;
		};
		9CD8704B1D95438F00DAB117 /* Release */ = {
			isa = XCBuildConfiguration;
			buildSettings = {
				ALWAYS_SEARCH_USER_PATHS = NO;
				CLANG_ANALYZER_NONNULL = YES;
				CLANG_CXX_LANGUAGE_STANDARD = "gnu++0x";
				CLANG_CXX_LIBRARY = "libc++";
				CLANG_ENABLE_MODULES = YES;
				CLANG_ENABLE_OBJC_ARC = YES;
				CLANG_WARN_BOOL_CONVERSION = YES;
				CLANG_WARN_CONSTANT_CONVERSION = YES;
				CLANG_WARN_DIRECT_OBJC_ISA_USAGE = YES_ERROR;
				CLANG_WARN_DOCUMENTATION_COMMENTS = YES;
				CLANG_WARN_EMPTY_BODY = YES;
				CLANG_WARN_ENUM_CONVERSION = YES;
				CLANG_WARN_INFINITE_RECURSION = YES;
				CLANG_WARN_INT_CONVERSION = YES;
				CLANG_WARN_OBJC_ROOT_CLASS = YES_ERROR;
				CLANG_WARN_SUSPICIOUS_MOVES = YES;
				CLANG_WARN_UNREACHABLE_CODE = YES;
				CLANG_WARN__DUPLICATE_METHOD_MATCH = YES;
				"CODE_SIGN_IDENTITY[sdk=iphoneos*]" = "iPhone Developer";
				COPY_PHASE_STRIP = NO;
				DEBUG_INFORMATION_FORMAT = "dwarf-with-dsym";
				ENABLE_NS_ASSERTIONS = NO;
				ENABLE_STRICT_OBJC_MSGSEND = YES;
				GCC_C_LANGUAGE_STANDARD = gnu99;
				GCC_NO_COMMON_BLOCKS = YES;
				GCC_WARN_64_TO_32_BIT_CONVERSION = YES;
				GCC_WARN_ABOUT_RETURN_TYPE = YES_ERROR;
				GCC_WARN_UNDECLARED_SELECTOR = YES;
				GCC_WARN_UNINITIALIZED_AUTOS = YES_AGGRESSIVE;
				GCC_WARN_UNUSED_FUNCTION = YES;
				GCC_WARN_UNUSED_VARIABLE = YES;
				IPHONEOS_DEPLOYMENT_TARGET = 10.0;
				MTL_ENABLE_DEBUG_INFO = NO;
				SDKROOT = iphoneos;
				SWIFT_OPTIMIZATION_LEVEL = "-Owholemodule";
				TARGETED_DEVICE_FAMILY = "1,2";
				VALIDATE_PRODUCT = YES;
			};
			name = Release;
		};
		9CD8704D1D95438F00DAB117 /* Debug */ = {
			isa = XCBuildConfiguration;
			buildSettings = {
				ASSETCATALOG_COMPILER_APPICON_NAME = AppIcon;
				INFOPLIST_FILE = imageScroll/Info.plist;
				LD_RUNPATH_SEARCH_PATHS = "$(inherited) @executable_path/Frameworks";
				PRODUCT_BUNDLE_IDENTIFIER = net.umorujoseph.imageScroll;
				PRODUCT_NAME = "$(TARGET_NAME)";
				SWIFT_VERSION = 3.0;
			};
			name = Debug;
		};
		9CD8704E1D95438F00DAB117 /* Release */ = {
			isa = XCBuildConfiguration;
			buildSettings = {
				ASSETCATALOG_COMPILER_APPICON_NAME = AppIcon;
				INFOPLIST_FILE = imageScroll/Info.plist;
				LD_RUNPATH_SEARCH_PATHS = "$(inherited) @executable_path/Frameworks";
				PRODUCT_BUNDLE_IDENTIFIER = net.umorujoseph.imageScroll;
				PRODUCT_NAME = "$(TARGET_NAME)";
				SWIFT_VERSION = 3.0;
			};
			name = Release;
		};
		9CD870501D95438F00DAB117 /* Debug */ = {
			isa = XCBuildConfiguration;
			buildSettings = {
				ALWAYS_EMBED_SWIFT_STANDARD_LIBRARIES = YES;
				BUNDLE_LOADER = "$(TEST_HOST)";
				INFOPLIST_FILE = imageScrollTests/Info.plist;
				LD_RUNPATH_SEARCH_PATHS = "$(inherited) @executable_path/Frameworks @loader_path/Frameworks";
				PRODUCT_BUNDLE_IDENTIFIER = net.umorujoseph.imageScrollTests;
				PRODUCT_NAME = "$(TARGET_NAME)";
				SWIFT_VERSION = 3.0;
				TEST_HOST = "$(BUILT_PRODUCTS_DIR)/imageScroll.app/imageScroll";
			};
			name = Debug;
		};
		9CD870511D95438F00DAB117 /* Release */ = {
			isa = XCBuildConfiguration;
			buildSettings = {
				ALWAYS_EMBED_SWIFT_STANDARD_LIBRARIES = YES;
				BUNDLE_LOADER = "$(TEST_HOST)";
				INFOPLIST_FILE = imageScrollTests/Info.plist;
				LD_RUNPATH_SEARCH_PATHS = "$(inherited) @executable_path/Frameworks @loader_path/Frameworks";
				PRODUCT_BUNDLE_IDENTIFIER = net.umorujoseph.imageScrollTests;
				PRODUCT_NAME = "$(TARGET_NAME)";
				SWIFT_VERSION = 3.0;
				TEST_HOST = "$(BUILT_PRODUCTS_DIR)/imageScroll.app/imageScroll";
			};
			name = Release;
		};
		9CD870531D95438F00DAB117 /* Debug */ = {
			isa = XCBuildConfiguration;
			buildSettings = {
				ALWAYS_EMBED_SWIFT_STANDARD_LIBRARIES = YES;
				INFOPLIST_FILE = imageScrollUITests/Info.plist;
				LD_RUNPATH_SEARCH_PATHS = "$(inherited) @executable_path/Frameworks @loader_path/Frameworks";
				PRODUCT_BUNDLE_IDENTIFIER = net.umorujoseph.imageScrollUITests;
				PRODUCT_NAME = "$(TARGET_NAME)";
				SWIFT_VERSION = 3.0;
				TEST_TARGET_NAME = imageScroll;
			};
			name = Debug;
		};
		9CD870541D95438F00DAB117 /* Release */ = {
			isa = XCBuildConfiguration;
			buildSettings = {
				ALWAYS_EMBED_SWIFT_STANDARD_LIBRARIES = YES;
				INFOPLIST_FILE = imageScrollUITests/Info.plist;
				LD_RUNPATH_SEARCH_PATHS = "$(inherited) @executable_path/Frameworks @loader_path/Frameworks";
				PRODUCT_BUNDLE_IDENTIFIER = net.umorujoseph.imageScrollUITests;
				PRODUCT_NAME = "$(TARGET_NAME)";
				SWIFT_VERSION = 3.0;
				TEST_TARGET_NAME = imageScroll;
			};
			name = Release;
		};
/* End XCBuildConfiguration section */

/* Begin XCConfigurationList section */
		9CD8701C1D95438D00DAB117 /* Build configuration list for PBXProject "imageScroll" */ = {
			isa = XCConfigurationList;
			buildConfigurations = (
				9CD8704A1D95438F00DAB117 /* Debug */,
				9CD8704B1D95438F00DAB117 /* Release */,
			);
			defaultConfigurationIsVisible = 0;
			defaultConfigurationName = Release;
		};
		9CD8704C1D95438F00DAB117 /* Build configuration list for PBXNativeTarget "imageScroll" */ = {
			isa = XCConfigurationList;
			buildConfigurations = (
				9CD8704D1D95438F00DAB117 /* Debug */,
				9CD8704E1D95438F00DAB117 /* Release */,
			);
			defaultConfigurationIsVisible = 0;
		};
		9CD8704F1D95438F00DAB117 /* Build configuration list for PBXNativeTarget "imageScrollTests" */ = {
			isa = XCConfigurationList;
			buildConfigurations = (
				9CD870501D95438F00DAB117 /* Debug */,
				9CD870511D95438F00DAB117 /* Release */,
			);
			defaultConfigurationIsVisible = 0;
		};
		9CD870521D95438F00DAB117 /* Build configuration list for PBXNativeTarget "imageScrollUITests" */ = {
			isa = XCConfigurationList;
			buildConfigurations = (
				9CD870531D95438F00DAB117 /* Debug */,
				9CD870541D95438F00DAB117 /* Release */,
			);
			defaultConfigurationIsVisible = 0;
		};
/* End XCConfigurationList section */

/* Begin XCVersionGroup section */
		9CD8702B1D95438E00DAB117 /* imageScroll.xcdatamodeld */ = {
			isa = XCVersionGroup;
			children = (
				9CD8702C1D95438E00DAB117 /* imageScroll.xcdatamodel */,
			);
			currentVersion = 9CD8702C1D95438E00DAB117 /* imageScroll.xcdatamodel */;
			path = imageScroll.xcdatamodeld;
			sourceTree = "<group>";
			versionGroupType = wrapper.xcdatamodel;
		};
/* End XCVersionGroup section */
	};
	rootObject = 9CD870191D95438D00DAB117 /* Project object */;
}
